// !$*UTF8*$!
{
	archiveVersion = 1;
	classes = {
	};
	objectVersion = 50;
	objects = {

/* Begin PBXBuildFile section */
		0A1F7534257B84DE0056F174 /* AppDelegate.swift in Sources */ = {isa = PBXBuildFile; fileRef = 0A1F7533257B84DE0056F174 /* AppDelegate.swift */; };
		0A1F7536257B84DE0056F174 /* SceneDelegate.swift in Sources */ = {isa = PBXBuildFile; fileRef = 0A1F7535257B84DE0056F174 /* SceneDelegate.swift */; };
		0A1F753D257B84E50056F174 /* Assets.xcassets in Resources */ = {isa = PBXBuildFile; fileRef = 0A1F753C257B84E50056F174 /* Assets.xcassets */; };
		0A1F7540257B84E50056F174 /* LaunchScreen.storyboard in Resources */ = {isa = PBXBuildFile; fileRef = 0A1F753E257B84E50056F174 /* LaunchScreen.storyboard */; };
		0A1F755A257C785A0056F174 /* SearchVC.swift in Sources */ = {isa = PBXBuildFile; fileRef = 0A1F7559257C785A0056F174 /* SearchVC.swift */; };
		0A1F755D257C78B60056F174 /* FavoritesListVC.swift in Sources */ = {isa = PBXBuildFile; fileRef = 0A1F755C257C78B60056F174 /* FavoritesListVC.swift */; };
		0A1F7562257C83300056F174 /* GFButton.swift in Sources */ = {isa = PBXBuildFile; fileRef = 0A1F7561257C83300056F174 /* GFButton.swift */; };
		0A1F7565257C85A40056F174 /* GFTextField.swift in Sources */ = {isa = PBXBuildFile; fileRef = 0A1F7564257C85A40056F174 /* GFTextField.swift */; };
		0A1F7568257F9B580056F174 /* FollowerListVC.swift in Sources */ = {isa = PBXBuildFile; fileRef = 0A1F7567257F9B570056F174 /* FollowerListVC.swift */; };
		0A1F756B257FA1350056F174 /* GFTitleLabel.swift in Sources */ = {isa = PBXBuildFile; fileRef = 0A1F756A257FA1340056F174 /* GFTitleLabel.swift */; };
		0A1F756E257FA3B30056F174 /* GFBodyLabel.swift in Sources */ = {isa = PBXBuildFile; fileRef = 0A1F756D257FA3B30056F174 /* GFBodyLabel.swift */; };
		0A1F7571257FA4400056F174 /* GFAlertVC.swift in Sources */ = {isa = PBXBuildFile; fileRef = 0A1F7570257FA4400056F174 /* GFAlertVC.swift */; };
		0A1F7574257FAF430056F174 /* UIViewController+Ext.swift in Sources */ = {isa = PBXBuildFile; fileRef = 0A1F7573257FAF430056F174 /* UIViewController+Ext.swift */; };
		0A1F75812580EB5B0056F174 /* GFAlertContainerView.swift in Sources */ = {isa = PBXBuildFile; fileRef = 0A1F75802580EB5B0056F174 /* GFAlertContainerView.swift */; };
		0A1F75852580F7870056F174 /* Follower.swift in Sources */ = {isa = PBXBuildFile; fileRef = 0A1F75842580F7870056F174 /* Follower.swift */; };
		0A1F75882580F9000056F174 /* User.swift in Sources */ = {isa = PBXBuildFile; fileRef = 0A1F75872580F9000056F174 /* User.swift */; };
		0A1F758E258100020056F174 /* NetworkManager.swift in Sources */ = {isa = PBXBuildFile; fileRef = 0A1F758D258100020056F174 /* NetworkManager.swift */; };
		0A1F7598258390690056F174 /* FollowerCell.swift in Sources */ = {isa = PBXBuildFile; fileRef = 0A1F7597258390690056F174 /* FollowerCell.swift */; };
		0A1F759B258391AE0056F174 /* GFAvatarImageView.swift in Sources */ = {isa = PBXBuildFile; fileRef = 0A1F759A258391AE0056F174 /* GFAvatarImageView.swift */; };
		0AF8C5ED2584B735005762A1 /* UIHelper.swift in Sources */ = {isa = PBXBuildFile; fileRef = 0AF8C5EC2584B735005762A1 /* UIHelper.swift */; };
		0AF8C5F7258630DB005762A1 /* GFEmptyStateView.swift in Sources */ = {isa = PBXBuildFile; fileRef = 0AF8C5F6258630DB005762A1 /* GFEmptyStateView.swift */; };
		0AF8C61A25877D19005762A1 /* UserInfoVC.swift in Sources */ = {isa = PBXBuildFile; fileRef = 0AF8C61925877D19005762A1 /* UserInfoVC.swift */; };
		0AF8C61E25878537005762A1 /* GFError.swift in Sources */ = {isa = PBXBuildFile; fileRef = 0AF8C61D25878537005762A1 /* GFError.swift */; };
		0AF8C624258788E1005762A1 /* GFSecondaryTitleLabel.swift in Sources */ = {isa = PBXBuildFile; fileRef = 0AF8C623258788E1005762A1 /* GFSecondaryTitleLabel.swift */; };
		0AF8C6272587907D005762A1 /* Constants.swift in Sources */ = {isa = PBXBuildFile; fileRef = 0AF8C6262587907D005762A1 /* Constants.swift */; };
		0AF8C62F25879446005762A1 /* GFUserInfoHeaderVC.swift in Sources */ = {isa = PBXBuildFile; fileRef = 0AF8C62E25879446005762A1 /* GFUserInfoHeaderVC.swift */; };
		0AF8C6332588280E005762A1 /* GFItemInfoView.swift in Sources */ = {isa = PBXBuildFile; fileRef = 0AF8C6322588280E005762A1 /* GFItemInfoView.swift */; };
		0AF8C63A25882E54005762A1 /* GFItemInfoVC.swift in Sources */ = {isa = PBXBuildFile; fileRef = 0AF8C63925882E54005762A1 /* GFItemInfoVC.swift */; };
		0AF8C63D258830C1005762A1 /* GFRepoItemVC.swift in Sources */ = {isa = PBXBuildFile; fileRef = 0AF8C63C258830C1005762A1 /* GFRepoItemVC.swift */; };
		0AF8C6422588323F005762A1 /* GFFollowerItemVC.swift in Sources */ = {isa = PBXBuildFile; fileRef = 0AF8C6412588323F005762A1 /* GFFollowerItemVC.swift */; };
		0AF8C65425898147005762A1 /* Date+Ext.swift in Sources */ = {isa = PBXBuildFile; fileRef = 0AF8C65325898147005762A1 /* Date+Ext.swift */; };
		0AF8C6572589816D005762A1 /* String+Ext.swift in Sources */ = {isa = PBXBuildFile; fileRef = 0AF8C6562589816D005762A1 /* String+Ext.swift */; };
		0AF8C65B258B8E9B005762A1 /* PersistenceManager.swift in Sources */ = {isa = PBXBuildFile; fileRef = 0AF8C65A258B8E9B005762A1 /* PersistenceManager.swift */; };
		0AF8C65F258B9BE6005762A1 /* FavoriteCell.swift in Sources */ = {isa = PBXBuildFile; fileRef = 0AF8C65E258B9BE6005762A1 /* FavoriteCell.swift */; };
		0AF8C663258C2214005762A1 /* GFTabBarController.swift in Sources */ = {isa = PBXBuildFile; fileRef = 0AF8C662258C2214005762A1 /* GFTabBarController.swift */; };
		0AF8C667258CDC87005762A1 /* GFDataLoadingVC.swift in Sources */ = {isa = PBXBuildFile; fileRef = 0AF8C666258CDC87005762A1 /* GFDataLoadingVC.swift */; };
		0AF8C691258DDD36005762A1 /* UIView+Ext.swift in Sources */ = {isa = PBXBuildFile; fileRef = 0AF8C690258DDD36005762A1 /* UIView+Ext.swift */; };
/* End PBXBuildFile section */

/* Begin PBXFileReference section */
		0A1F7530257B84DE0056F174 /* GHFollowers.app */ = {isa = PBXFileReference; explicitFileType = wrapper.application; includeInIndex = 0; path = GHFollowers.app; sourceTree = BUILT_PRODUCTS_DIR; };
		0A1F7533257B84DE0056F174 /* AppDelegate.swift */ = {isa = PBXFileReference; lastKnownFileType = sourcecode.swift; path = AppDelegate.swift; sourceTree = "<group>"; };
		0A1F7535257B84DE0056F174 /* SceneDelegate.swift */ = {isa = PBXFileReference; lastKnownFileType = sourcecode.swift; path = SceneDelegate.swift; sourceTree = "<group>"; };
		0A1F753C257B84E50056F174 /* Assets.xcassets */ = {isa = PBXFileReference; lastKnownFileType = folder.assetcatalog; path = Assets.xcassets; sourceTree = "<group>"; };
		0A1F753F257B84E50056F174 /* Base */ = {isa = PBXFileReference; lastKnownFileType = file.storyboard; name = Base; path = Base.lproj/LaunchScreen.storyboard; sourceTree = "<group>"; };
		0A1F7541257B84E50056F174 /* Info.plist */ = {isa = PBXFileReference; lastKnownFileType = text.plist.xml; path = Info.plist; sourceTree = "<group>"; };
		0A1F7559257C785A0056F174 /* SearchVC.swift */ = {isa = PBXFileReference; lastKnownFileType = sourcecode.swift; path = SearchVC.swift; sourceTree = "<group>"; };
		0A1F755C257C78B60056F174 /* FavoritesListVC.swift */ = {isa = PBXFileReference; lastKnownFileType = sourcecode.swift; path = FavoritesListVC.swift; sourceTree = "<group>"; };
		0A1F7561257C83300056F174 /* GFButton.swift */ = {isa = PBXFileReference; lastKnownFileType = sourcecode.swift; path = GFButton.swift; sourceTree = "<group>"; };
		0A1F7564257C85A40056F174 /* GFTextField.swift */ = {isa = PBXFileReference; lastKnownFileType = sourcecode.swift; path = GFTextField.swift; sourceTree = "<group>"; };
		0A1F7567257F9B570056F174 /* FollowerListVC.swift */ = {isa = PBXFileReference; lastKnownFileType = sourcecode.swift; path = FollowerListVC.swift; sourceTree = "<group>"; };
		0A1F756A257FA1340056F174 /* GFTitleLabel.swift */ = {isa = PBXFileReference; lastKnownFileType = sourcecode.swift; path = GFTitleLabel.swift; sourceTree = "<group>"; };
		0A1F756D257FA3B30056F174 /* GFBodyLabel.swift */ = {isa = PBXFileReference; lastKnownFileType = sourcecode.swift; path = GFBodyLabel.swift; sourceTree = "<group>"; };
		0A1F7570257FA4400056F174 /* GFAlertVC.swift */ = {isa = PBXFileReference; lastKnownFileType = sourcecode.swift; path = GFAlertVC.swift; sourceTree = "<group>"; };
		0A1F7573257FAF430056F174 /* UIViewController+Ext.swift */ = {isa = PBXFileReference; lastKnownFileType = sourcecode.swift; path = "UIViewController+Ext.swift"; sourceTree = "<group>"; };
		0A1F75802580EB5B0056F174 /* GFAlertContainerView.swift */ = {isa = PBXFileReference; lastKnownFileType = sourcecode.swift; path = GFAlertContainerView.swift; sourceTree = "<group>"; };
		0A1F75842580F7870056F174 /* Follower.swift */ = {isa = PBXFileReference; lastKnownFileType = sourcecode.swift; path = Follower.swift; sourceTree = "<group>"; };
		0A1F75872580F9000056F174 /* User.swift */ = {isa = PBXFileReference; lastKnownFileType = sourcecode.swift; path = User.swift; sourceTree = "<group>"; };
		0A1F758D258100020056F174 /* NetworkManager.swift */ = {isa = PBXFileReference; lastKnownFileType = sourcecode.swift; path = NetworkManager.swift; sourceTree = "<group>"; };
		0A1F7597258390690056F174 /* FollowerCell.swift */ = {isa = PBXFileReference; lastKnownFileType = sourcecode.swift; path = FollowerCell.swift; sourceTree = "<group>"; };
		0A1F759A258391AE0056F174 /* GFAvatarImageView.swift */ = {isa = PBXFileReference; lastKnownFileType = sourcecode.swift; path = GFAvatarImageView.swift; sourceTree = "<group>"; };
		0AF8C5EC2584B735005762A1 /* UIHelper.swift */ = {isa = PBXFileReference; lastKnownFileType = sourcecode.swift; path = UIHelper.swift; sourceTree = "<group>"; };
		0AF8C5F6258630DB005762A1 /* GFEmptyStateView.swift */ = {isa = PBXFileReference; lastKnownFileType = sourcecode.swift; path = GFEmptyStateView.swift; sourceTree = "<group>"; };
		0AF8C61925877D19005762A1 /* UserInfoVC.swift */ = {isa = PBXFileReference; lastKnownFileType = sourcecode.swift; path = UserInfoVC.swift; sourceTree = "<group>"; };
		0AF8C61D25878537005762A1 /* GFError.swift */ = {isa = PBXFileReference; lastKnownFileType = sourcecode.swift; path = GFError.swift; sourceTree = "<group>"; };
		0AF8C623258788E1005762A1 /* GFSecondaryTitleLabel.swift */ = {isa = PBXFileReference; lastKnownFileType = sourcecode.swift; path = GFSecondaryTitleLabel.swift; sourceTree = "<group>"; };
		0AF8C6262587907D005762A1 /* Constants.swift */ = {isa = PBXFileReference; lastKnownFileType = sourcecode.swift; path = Constants.swift; sourceTree = "<group>"; };
		0AF8C62E25879446005762A1 /* GFUserInfoHeaderVC.swift */ = {isa = PBXFileReference; lastKnownFileType = sourcecode.swift; path = GFUserInfoHeaderVC.swift; sourceTree = "<group>"; };
		0AF8C6322588280E005762A1 /* GFItemInfoView.swift */ = {isa = PBXFileReference; lastKnownFileType = sourcecode.swift; path = GFItemInfoView.swift; sourceTree = "<group>"; };
		0AF8C63925882E54005762A1 /* GFItemInfoVC.swift */ = {isa = PBXFileReference; lastKnownFileType = sourcecode.swift; path = GFItemInfoVC.swift; sourceTree = "<group>"; };
		0AF8C63C258830C1005762A1 /* GFRepoItemVC.swift */ = {isa = PBXFileReference; lastKnownFileType = sourcecode.swift; path = GFRepoItemVC.swift; sourceTree = "<group>"; };
		0AF8C6412588323F005762A1 /* GFFollowerItemVC.swift */ = {isa = PBXFileReference; lastKnownFileType = sourcecode.swift; path = GFFollowerItemVC.swift; sourceTree = "<group>"; };
		0AF8C65325898147005762A1 /* Date+Ext.swift */ = {isa = PBXFileReference; lastKnownFileType = sourcecode.swift; path = "Date+Ext.swift"; sourceTree = "<group>"; };
		0AF8C6562589816D005762A1 /* String+Ext.swift */ = {isa = PBXFileReference; lastKnownFileType = sourcecode.swift; path = "String+Ext.swift"; sourceTree = "<group>"; };
		0AF8C65A258B8E9B005762A1 /* PersistenceManager.swift */ = {isa = PBXFileReference; lastKnownFileType = sourcecode.swift; path = PersistenceManager.swift; sourceTree = "<group>"; };
		0AF8C65E258B9BE6005762A1 /* FavoriteCell.swift */ = {isa = PBXFileReference; lastKnownFileType = sourcecode.swift; path = FavoriteCell.swift; sourceTree = "<group>"; };
		0AF8C662258C2214005762A1 /* GFTabBarController.swift */ = {isa = PBXFileReference; lastKnownFileType = sourcecode.swift; path = GFTabBarController.swift; sourceTree = "<group>"; };
		0AF8C666258CDC87005762A1 /* GFDataLoadingVC.swift */ = {isa = PBXFileReference; lastKnownFileType = sourcecode.swift; path = GFDataLoadingVC.swift; sourceTree = "<group>"; };
		0AF8C690258DDD36005762A1 /* UIView+Ext.swift */ = {isa = PBXFileReference; lastKnownFileType = sourcecode.swift; path = "UIView+Ext.swift"; sourceTree = "<group>"; };
/* End PBXFileReference section */

/* Begin PBXFrameworksBuildPhase section */
		0A1F752D257B84DE0056F174 /* Frameworks */ = {
			isa = PBXFrameworksBuildPhase;
			buildActionMask = 2147483647;
			files = (
			);
			runOnlyForDeploymentPostprocessing = 0;
		};
/* End PBXFrameworksBuildPhase section */

/* Begin PBXGroup section */
		0A1F7527257B84DE0056F174 = {
			isa = PBXGroup;
			children = (
				0A1F7532257B84DE0056F174 /* GHFollowers */,
				0A1F7531257B84DE0056F174 /* Products */,
			);
			sourceTree = "<group>";
		};
		0A1F7531257B84DE0056F174 /* Products */ = {
			isa = PBXGroup;
			children = (
				0A1F7530257B84DE0056F174 /* GHFollowers.app */,
			);
			name = Products;
			sourceTree = "<group>";
		};
		0A1F7532257B84DE0056F174 /* GHFollowers */ = {
			isa = PBXGroup;
			children = (
				0A1F7591258255E50056F174 /* Utilties */,
				0A1F758C2580FFE80056F174 /* Managers */,
				0A1F75832580F7720056F174 /* Model */,
				0A1F757B2580E8C00056F174 /* Extensions */,
				0A1F75772580E89E0056F174 /* Custom Views */,
				0A1F75762580E87C0056F174 /* Screens */,
				0A1F757C2580E90A0056F174 /* Support */,
			);
			path = GHFollowers;
			sourceTree = "<group>";
		};
		0A1F75762580E87C0056F174 /* Screens */ = {
			isa = PBXGroup;
			children = (
				0A1F7559257C785A0056F174 /* SearchVC.swift */,
				0A1F7567257F9B570056F174 /* FollowerListVC.swift */,
				0AF8C61925877D19005762A1 /* UserInfoVC.swift */,
				0A1F755C257C78B60056F174 /* FavoritesListVC.swift */,
			);
			path = Screens;
			sourceTree = "<group>";
		};
		0A1F75772580E89E0056F174 /* Custom Views */ = {
			isa = PBXGroup;
			children = (
				0AF8C661258C21F1005762A1 /* TabBarControllers */,
				0AF8C5F525863019005762A1 /* Labels */,
				0AF8C5F425863011005762A1 /* ViewControllers */,
				0AF8C5F325863001005762A1 /* ImageViews */,
				0AF8C5F225862FF8005762A1 /* TextFields */,
				0AF8C5F125862FF0005762A1 /* Buttons */,
				0AF8C5F025862FE9005762A1 /* Views */,
				0A1F7596258390490056F174 /* Cells */,
			);
			path = "Custom Views";
			sourceTree = "<group>";
		};
		0A1F757B2580E8C00056F174 /* Extensions */ = {
			isa = PBXGroup;
			children = (
				0A1F7573257FAF430056F174 /* UIViewController+Ext.swift */,
				0AF8C690258DDD36005762A1 /* UIView+Ext.swift */,
				0AF8C65325898147005762A1 /* Date+Ext.swift */,
				0AF8C6562589816D005762A1 /* String+Ext.swift */,
			);
			path = Extensions;
			sourceTree = "<group>";
		};
		0A1F757C2580E90A0056F174 /* Support */ = {
			isa = PBXGroup;
			children = (
				0A1F7541257B84E50056F174 /* Info.plist */,
				0A1F7533257B84DE0056F174 /* AppDelegate.swift */,
				0A1F7535257B84DE0056F174 /* SceneDelegate.swift */,
				0A1F753C257B84E50056F174 /* Assets.xcassets */,
				0A1F753E257B84E50056F174 /* LaunchScreen.storyboard */,
			);
			path = Support;
			sourceTree = "<group>";
		};
		0A1F75832580F7720056F174 /* Model */ = {
			isa = PBXGroup;
			children = (
				0A1F75842580F7870056F174 /* Follower.swift */,
				0A1F75872580F9000056F174 /* User.swift */,
			);
			path = Model;
			sourceTree = "<group>";
		};
		0A1F758C2580FFE80056F174 /* Managers */ = {
			isa = PBXGroup;
			children = (
				0A1F758D258100020056F174 /* NetworkManager.swift */,
				0AF8C65A258B8E9B005762A1 /* PersistenceManager.swift */,
			);
			path = Managers;
			sourceTree = "<group>";
		};
		0A1F7591258255E50056F174 /* Utilties */ = {
			isa = PBXGroup;
			children = (
				0AF8C5EC2584B735005762A1 /* UIHelper.swift */,
				0AF8C61D25878537005762A1 /* GFError.swift */,
				0AF8C6262587907D005762A1 /* Constants.swift */,
			);
			path = Utilties;
			sourceTree = "<group>";
		};
		0A1F7596258390490056F174 /* Cells */ = {
			isa = PBXGroup;
			children = (
				0A1F7597258390690056F174 /* FollowerCell.swift */,
				0AF8C65E258B9BE6005762A1 /* FavoriteCell.swift */,
			);
			path = Cells;
			sourceTree = "<group>";
		};
		0AF8C5F025862FE9005762A1 /* Views */ = {
			isa = PBXGroup;
			children = (
				0A1F75802580EB5B0056F174 /* GFAlertContainerView.swift */,
				0AF8C5F6258630DB005762A1 /* GFEmptyStateView.swift */,
				0AF8C6322588280E005762A1 /* GFItemInfoView.swift */,
			);
			path = Views;
			sourceTree = "<group>";
		};
		0AF8C5F125862FF0005762A1 /* Buttons */ = {
			isa = PBXGroup;
			children = (
				0A1F7561257C83300056F174 /* GFButton.swift */,
			);
			path = Buttons;
			sourceTree = "<group>";
		};
		0AF8C5F225862FF8005762A1 /* TextFields */ = {
			isa = PBXGroup;
			children = (
				0A1F7564257C85A40056F174 /* GFTextField.swift */,
			);
			path = TextFields;
			sourceTree = "<group>";
		};
		0AF8C5F325863001005762A1 /* ImageViews */ = {
			isa = PBXGroup;
			children = (
				0A1F759A258391AE0056F174 /* GFAvatarImageView.swift */,
			);
			path = ImageViews;
			sourceTree = "<group>";
		};
		0AF8C5F425863011005762A1 /* ViewControllers */ = {
			isa = PBXGroup;
			children = (
				0AF8C64425883270005762A1 /* ItemInfoVCs */,
				0A1F7570257FA4400056F174 /* GFAlertVC.swift */,
				0AF8C62E25879446005762A1 /* GFUserInfoHeaderVC.swift */,
				0AF8C666258CDC87005762A1 /* GFDataLoadingVC.swift */,
			);
			path = ViewControllers;
			sourceTree = "<group>";
		};
		0AF8C5F525863019005762A1 /* Labels */ = {
			isa = PBXGroup;
			children = (
				0A1F756A257FA1340056F174 /* GFTitleLabel.swift */,
				0A1F756D257FA3B30056F174 /* GFBodyLabel.swift */,
				0AF8C623258788E1005762A1 /* GFSecondaryTitleLabel.swift */,
			);
			path = Labels;
			sourceTree = "<group>";
		};
		0AF8C64425883270005762A1 /* ItemInfoVCs */ = {
			isa = PBXGroup;
			children = (
				0AF8C63925882E54005762A1 /* GFItemInfoVC.swift */,
				0AF8C63C258830C1005762A1 /* GFRepoItemVC.swift */,
				0AF8C6412588323F005762A1 /* GFFollowerItemVC.swift */,
			);
			path = ItemInfoVCs;
			sourceTree = "<group>";
		};
		0AF8C661258C21F1005762A1 /* TabBarControllers */ = {
			isa = PBXGroup;
			children = (
				0AF8C662258C2214005762A1 /* GFTabBarController.swift */,
			);
			path = TabBarControllers;
			sourceTree = "<group>";
		};
/* End PBXGroup section */

/* Begin PBXNativeTarget section */
		0A1F752F257B84DE0056F174 /* GHFollowers */ = {
			isa = PBXNativeTarget;
			buildConfigurationList = 0A1F7544257B84E50056F174 /* Build configuration list for PBXNativeTarget "GHFollowers" */;
			buildPhases = (
				0A1F752C257B84DE0056F174 /* Sources */,
				0A1F752D257B84DE0056F174 /* Frameworks */,
				0A1F752E257B84DE0056F174 /* Resources */,
			);
			buildRules = (
			);
			dependencies = (
			);
			name = GHFollowers;
			productName = GHFollowers;
			productReference = 0A1F7530257B84DE0056F174 /* GHFollowers.app */;
			productType = "com.apple.product-type.application";
		};
/* End PBXNativeTarget section */

/* Begin PBXProject section */
		0A1F7528257B84DE0056F174 /* Project object */ = {
			isa = PBXProject;
			attributes = {
				LastSwiftUpdateCheck = 1200;
				LastUpgradeCheck = 1200;
				TargetAttributes = {
					0A1F752F257B84DE0056F174 = {
						CreatedOnToolsVersion = 12.0;
					};
				};
			};
			buildConfigurationList = 0A1F752B257B84DE0056F174 /* Build configuration list for PBXProject "GHFollowers" */;
			compatibilityVersion = "Xcode 9.3";
			developmentRegion = en;
			hasScannedForEncodings = 0;
			knownRegions = (
				en,
				Base,
			);
			mainGroup = 0A1F7527257B84DE0056F174;
			productRefGroup = 0A1F7531257B84DE0056F174 /* Products */;
			projectDirPath = "";
			projectRoot = "";
			targets = (
				0A1F752F257B84DE0056F174 /* GHFollowers */,
			);
		};
/* End PBXProject section */

/* Begin PBXResourcesBuildPhase section */
		0A1F752E257B84DE0056F174 /* Resources */ = {
			isa = PBXResourcesBuildPhase;
			buildActionMask = 2147483647;
			files = (
				0A1F7540257B84E50056F174 /* LaunchScreen.storyboard in Resources */,
				0A1F753D257B84E50056F174 /* Assets.xcassets in Resources */,
			);
			runOnlyForDeploymentPostprocessing = 0;
		};
/* End PBXResourcesBuildPhase section */

/* Begin PBXSourcesBuildPhase section */
		0A1F752C257B84DE0056F174 /* Sources */ = {
			isa = PBXSourcesBuildPhase;
			buildActionMask = 2147483647;
			files = (
				0A1F75812580EB5B0056F174 /* GFAlertContainerView.swift in Sources */,
				0A1F7565257C85A40056F174 /* GFTextField.swift in Sources */,
				0A1F755D257C78B60056F174 /* FavoritesListVC.swift in Sources */,
				0A1F7562257C83300056F174 /* GFButton.swift in Sources */,
				0A1F7574257FAF430056F174 /* UIViewController+Ext.swift in Sources */,
				0AF8C62F25879446005762A1 /* GFUserInfoHeaderVC.swift in Sources */,
				0AF8C667258CDC87005762A1 /* GFDataLoadingVC.swift in Sources */,
				0AF8C5F7258630DB005762A1 /* GFEmptyStateView.swift in Sources */,
				0A1F755A257C785A0056F174 /* SearchVC.swift in Sources */,
				0AF8C624258788E1005762A1 /* GFSecondaryTitleLabel.swift in Sources */,
				0A1F75882580F9000056F174 /* User.swift in Sources */,
				0AF8C61E25878537005762A1 /* GFError.swift in Sources */,
				0A1F7598258390690056F174 /* FollowerCell.swift in Sources */,
				0AF8C65B258B8E9B005762A1 /* PersistenceManager.swift in Sources */,
				0AF8C65F258B9BE6005762A1 /* FavoriteCell.swift in Sources */,
				0AF8C63D258830C1005762A1 /* GFRepoItemVC.swift in Sources */,
				0A1F759B258391AE0056F174 /* GFAvatarImageView.swift in Sources */,
				0A1F7571257FA4400056F174 /* GFAlertVC.swift in Sources */,
				0AF8C61A25877D19005762A1 /* UserInfoVC.swift in Sources */,
				0A1F75852580F7870056F174 /* Follower.swift in Sources */,
				0A1F756E257FA3B30056F174 /* GFBodyLabel.swift in Sources */,
				0AF8C6572589816D005762A1 /* String+Ext.swift in Sources */,
				0A1F756B257FA1350056F174 /* GFTitleLabel.swift in Sources */,
				0AF8C63A25882E54005762A1 /* GFItemInfoVC.swift in Sources */,
				0AF8C6422588323F005762A1 /* GFFollowerItemVC.swift in Sources */,
				0A1F7568257F9B580056F174 /* FollowerListVC.swift in Sources */,
				0AF8C5ED2584B735005762A1 /* UIHelper.swift in Sources */,
				0AF8C65425898147005762A1 /* Date+Ext.swift in Sources */,
				0A1F758E258100020056F174 /* NetworkManager.swift in Sources */,
				0A1F7534257B84DE0056F174 /* AppDelegate.swift in Sources */,
				0AF8C6332588280E005762A1 /* GFItemInfoView.swift in Sources */,
				0A1F7536257B84DE0056F174 /* SceneDelegate.swift in Sources */,
				0AF8C691258DDD36005762A1 /* UIView+Ext.swift in Sources */,
				0AF8C6272587907D005762A1 /* Constants.swift in Sources */,
				0AF8C663258C2214005762A1 /* GFTabBarController.swift in Sources */,
			);
			runOnlyForDeploymentPostprocessing = 0;
		};
/* End PBXSourcesBuildPhase section */

/* Begin PBXVariantGroup section */
		0A1F753E257B84E50056F174 /* LaunchScreen.storyboard */ = {
			isa = PBXVariantGroup;
			children = (
				0A1F753F257B84E50056F174 /* Base */,
			);
			name = LaunchScreen.storyboard;
			sourceTree = "<group>";
		};
/* End PBXVariantGroup section */

/* Begin XCBuildConfiguration section */
		0A1F7542257B84E50056F174 /* Debug */ = {
			isa = XCBuildConfiguration;
			buildSettings = {
				ALWAYS_SEARCH_USER_PATHS = NO;
				CLANG_ANALYZER_NONNULL = YES;
				CLANG_ANALYZER_NUMBER_OBJECT_CONVERSION = YES_AGGRESSIVE;
				CLANG_CXX_LANGUAGE_STANDARD = "gnu++14";
				CLANG_CXX_LIBRARY = "libc++";
				CLANG_ENABLE_MODULES = YES;
				CLANG_ENABLE_OBJC_ARC = YES;
				CLANG_ENABLE_OBJC_WEAK = YES;
				CLANG_WARN_BLOCK_CAPTURE_AUTORELEASING = YES;
				CLANG_WARN_BOOL_CONVERSION = YES;
				CLANG_WARN_COMMA = YES;
				CLANG_WARN_CONSTANT_CONVERSION = YES;
				CLANG_WARN_DEPRECATED_OBJC_IMPLEMENTATIONS = YES;
				CLANG_WARN_DIRECT_OBJC_ISA_USAGE = YES_ERROR;
				CLANG_WARN_DOCUMENTATION_COMMENTS = YES;
				CLANG_WARN_EMPTY_BODY = YES;
				CLANG_WARN_ENUM_CONVERSION = YES;
				CLANG_WARN_INFINITE_RECURSION = YES;
				CLANG_WARN_INT_CONVERSION = YES;
				CLANG_WARN_NON_LITERAL_NULL_CONVERSION = YES;
				CLANG_WARN_OBJC_IMPLICIT_RETAIN_SELF = YES;
				CLANG_WARN_OBJC_LITERAL_CONVERSION = YES;
				CLANG_WARN_OBJC_ROOT_CLASS = YES_ERROR;
				CLANG_WARN_QUOTED_INCLUDE_IN_FRAMEWORK_HEADER = YES;
				CLANG_WARN_RANGE_LOOP_ANALYSIS = YES;
				CLANG_WARN_STRICT_PROTOTYPES = YES;
				CLANG_WARN_SUSPICIOUS_MOVE = YES;
				CLANG_WARN_UNGUARDED_AVAILABILITY = YES_AGGRESSIVE;
				CLANG_WARN_UNREACHABLE_CODE = YES;
				CLANG_WARN__DUPLICATE_METHOD_MATCH = YES;
				COPY_PHASE_STRIP = NO;
				DEBUG_INFORMATION_FORMAT = dwarf;
				ENABLE_STRICT_OBJC_MSGSEND = YES;
				ENABLE_TESTABILITY = YES;
				GCC_C_LANGUAGE_STANDARD = gnu11;
				GCC_DYNAMIC_NO_PIC = NO;
				GCC_NO_COMMON_BLOCKS = YES;
				GCC_OPTIMIZATION_LEVEL = 0;
				GCC_PREPROCESSOR_DEFINITIONS = (
					"DEBUG=1",
					"$(inherited)",
				);
				GCC_WARN_64_TO_32_BIT_CONVERSION = YES;
				GCC_WARN_ABOUT_RETURN_TYPE = YES_ERROR;
				GCC_WARN_UNDECLARED_SELECTOR = YES;
				GCC_WARN_UNINITIALIZED_AUTOS = YES_AGGRESSIVE;
				GCC_WARN_UNUSED_FUNCTION = YES;
				GCC_WARN_UNUSED_VARIABLE = YES;
				IPHONEOS_DEPLOYMENT_TARGET = 14.0;
				MTL_ENABLE_DEBUG_INFO = INCLUDE_SOURCE;
				MTL_FAST_MATH = YES;
				ONLY_ACTIVE_ARCH = YES;
				SDKROOT = iphoneos;
				SWIFT_ACTIVE_COMPILATION_CONDITIONS = DEBUG;
				SWIFT_OPTIMIZATION_LEVEL = "-Onone";
			};
			name = Debug;
		};
		0A1F7543257B84E50056F174 /* Release */ = {
			isa = XCBuildConfiguration;
			buildSettings = {
				ALWAYS_SEARCH_USER_PATHS = NO;
				CLANG_ANALYZER_NONNULL = YES;
				CLANG_ANALYZER_NUMBER_OBJECT_CONVERSION = YES_AGGRESSIVE;
				CLANG_CXX_LANGUAGE_STANDARD = "gnu++14";
				CLANG_CXX_LIBRARY = "libc++";
				CLANG_ENABLE_MODULES = YES;
				CLANG_ENABLE_OBJC_ARC = YES;
				CLANG_ENABLE_OBJC_WEAK = YES;
				CLANG_WARN_BLOCK_CAPTURE_AUTORELEASING = YES;
				CLANG_WARN_BOOL_CONVERSION = YES;
				CLANG_WARN_COMMA = YES;
				CLANG_WARN_CONSTANT_CONVERSION = YES;
				CLANG_WARN_DEPRECATED_OBJC_IMPLEMENTATIONS = YES;
				CLANG_WARN_DIRECT_OBJC_ISA_USAGE = YES_ERROR;
				CLANG_WARN_DOCUMENTATION_COMMENTS = YES;
				CLANG_WARN_EMPTY_BODY = YES;
				CLANG_WARN_ENUM_CONVERSION = YES;
				CLANG_WARN_INFINITE_RECURSION = YES;
				CLANG_WARN_INT_CONVERSION = YES;
				CLANG_WARN_NON_LITERAL_NULL_CONVERSION = YES;
				CLANG_WARN_OBJC_IMPLICIT_RETAIN_SELF = YES;
				CLANG_WARN_OBJC_LITERAL_CONVERSION = YES;
				CLANG_WARN_OBJC_ROOT_CLASS = YES_ERROR;
				CLANG_WARN_QUOTED_INCLUDE_IN_FRAMEWORK_HEADER = YES;
				CLANG_WARN_RANGE_LOOP_ANALYSIS = YES;
				CLANG_WARN_STRICT_PROTOTYPES = YES;
				CLANG_WARN_SUSPICIOUS_MOVE = YES;
				CLANG_WARN_UNGUARDED_AVAILABILITY = YES_AGGRESSIVE;
				CLANG_WARN_UNREACHABLE_CODE = YES;
				CLANG_WARN__DUPLICATE_METHOD_MATCH = YES;
				COPY_PHASE_STRIP = NO;
				DEBUG_INFORMATION_FORMAT = "dwarf-with-dsym";
				ENABLE_NS_ASSERTIONS = NO;
				ENABLE_STRICT_OBJC_MSGSEND = YES;
				GCC_C_LANGUAGE_STANDARD = gnu11;
				GCC_NO_COMMON_BLOCKS = YES;
				GCC_WARN_64_TO_32_BIT_CONVERSION = YES;
				GCC_WARN_ABOUT_RETURN_TYPE = YES_ERROR;
				GCC_WARN_UNDECLARED_SELECTOR = YES;
				GCC_WARN_UNINITIALIZED_AUTOS = YES_AGGRESSIVE;
				GCC_WARN_UNUSED_FUNCTION = YES;
				GCC_WARN_UNUSED_VARIABLE = YES;
				IPHONEOS_DEPLOYMENT_TARGET = 14.0;
				MTL_ENABLE_DEBUG_INFO = NO;
				MTL_FAST_MATH = YES;
				SDKROOT = iphoneos;
				SWIFT_COMPILATION_MODE = wholemodule;
				SWIFT_OPTIMIZATION_LEVEL = "-O";
				VALIDATE_PRODUCT = YES;
			};
			name = Release;
		};
		0A1F7545257B84E50056F174 /* Debug */ = {
			isa = XCBuildConfiguration;
			buildSettings = {
				ASSETCATALOG_COMPILER_APPICON_NAME = AppIcon;
				ASSETCATALOG_COMPILER_GLOBAL_ACCENT_COLOR_NAME = AccentColor;
				CODE_SIGN_STYLE = Automatic;
				DEVELOPMENT_TEAM = 9VPGGN82CW;
				INFOPLIST_FILE = GHFollowers/Support/Info.plist;
				IPHONEOS_DEPLOYMENT_TARGET = 13.2;
				LD_RUNPATH_SEARCH_PATHS = (
					"$(inherited)",
					"@executable_path/Frameworks",
				);
				PRODUCT_BUNDLE_IDENTIFIER = com.alanchen.GHFollowers;
				PRODUCT_NAME = "$(TARGET_NAME)";
				SWIFT_VERSION = 5.0;
				TARGETED_DEVICE_FAMILY = 1;
			};
			name = Debug;
		};
		0A1F7546257B84E50056F174 /* Release */ = {
			isa = XCBuildConfiguration;
			buildSettings = {
				ASSETCATALOG_COMPILER_APPICON_NAME = AppIcon;
				ASSETCATALOG_COMPILER_GLOBAL_ACCENT_COLOR_NAME = AccentColor;
				CODE_SIGN_STYLE = Automatic;
				DEVELOPMENT_TEAM = 9VPGGN82CW;
				INFOPLIST_FILE = GHFollowers/Support/Info.plist;
				IPHONEOS_DEPLOYMENT_TARGET = 13.2;
				LD_RUNPATH_SEARCH_PATHS = (
					"$(inherited)",
					"@executable_path/Frameworks",
				);
				PRODUCT_BUNDLE_IDENTIFIER = com.alanchen.GHFollowers;
				PRODUCT_NAME = "$(TARGET_NAME)";
				SWIFT_VERSION = 5.0;
				TARGETED_DEVICE_FAMILY = 1;
			};
			name = Release;
		};
/* End XCBuildConfiguration section */

/* Begin XCConfigurationList section */
		0A1F752B257B84DE0056F174 /* Build configuration list for PBXProject "GHFollowers" */ = {
			isa = XCConfigurationList;
			buildConfigurations = (
				0A1F7542257B84E50056F174 /* Debug */,
				0A1F7543257B84E50056F174 /* Release */,
			);
			defaultConfigurationIsVisible = 0;
			defaultConfigurationName = Release;
		};
		0A1F7544257B84E50056F174 /* Build configuration list for PBXNativeTarget "GHFollowers" */ = {
			isa = XCConfigurationList;
			buildConfigurations = (
				0A1F7545257B84E50056F174 /* Debug */,
				0A1F7546257B84E50056F174 /* Release */,
			);
			defaultConfigurationIsVisible = 0;
			defaultConfigurationName = Release;
		};
/* End XCConfigurationList section */
	};
	rootObject = 0A1F7528257B84DE0056F174 /* Project object */;
}
